// !$*UTF8*$!
{
	archiveVersion = 1;
	classes = {
	};
	objectVersion = 56;
	objects = {

/* Begin PBXBuildFile section */
		ED5EE365291C3D66002E5036 /* main.cpp in Sources */ = {isa = PBXBuildFile; fileRef = ED5EE364291C3D66002E5036 /* main.cpp */; };
		EDA714C32920CBE20017417B /* OpenGL.framework in Frameworks */ = {isa = PBXBuildFile; fileRef = EDA714C22920CBE20017417B /* OpenGL.framework */; };
		EDA714C52920CC8E0017417B /* libglfw.3.3.dylib in Frameworks */ = {isa = PBXBuildFile; fileRef = EDA714C42920CC8E0017417B /* libglfw.3.3.dylib */; };
/* End PBXBuildFile section */

/* Begin PBXCopyFilesBuildPhase section */
		ED5EE35F291C3D66002E5036 /* CopyFiles */ = {
			isa = PBXCopyFilesBuildPhase;
			buildActionMask = 2147483647;
			dstPath = /usr/share/man/man1/;
			dstSubfolderSpec = 0;
			files = (
			);
			runOnlyForDeploymentPostprocessing = 1;
		};
/* End PBXCopyFilesBuildPhase section */

/* Begin PBXFileReference section */
		ED5EE361291C3D66002E5036 /* HelloCPP */ = {isa = PBXFileReference; explicitFileType = "compiled.mach-o.executable"; includeInIndex = 0; path = HelloCPP; sourceTree = BUILT_PRODUCTS_DIR; };
		ED5EE364291C3D66002E5036 /* main.cpp */ = {isa = PBXFileReference; lastKnownFileType = sourcecode.cpp.cpp; path = main.cpp; sourceTree = "<group>"; };
		ED6592F6291C61B300216DD4 /* SDL2.framework */ = {isa = PBXFileReference; lastKnownFileType = wrapper.framework; name = SDL2.framework; path = ../../../../../Library/Frameworks/SDL2.framework; sourceTree = "<group>"; };
		ED8C81642920C3EB00F77C78 /* old.cpp */ = {isa = PBXFileReference; lastKnownFileType = sourcecode.cpp.cpp; path = old.cpp; sourceTree = "<group>"; };
		ED8C81662920C7F100F77C78 /* SDL2 */ = {isa = PBXFileReference; lastKnownFileType = folder; name = SDL2; path = ../../../../opt/homebrew/include/SDL2; sourceTree = "<group>"; };
		ED8C81672920C82400F77C78 /* include */ = {isa = PBXFileReference; lastKnownFileType = folder; name = include; path = ../../../../opt/homebrew/include; sourceTree = "<group>"; };
		ED9A3ACE291C62960083EDD2 /* SDL2 */ = {isa = PBXFileReference; lastKnownFileType = "compiled.mach-o.dylib"; name = SDL2; path = ../../../../../Library/Frameworks/SDL2.framework/Versions/A/SDL2; sourceTree = "<group>"; };
		EDA714C12920C8CB0017417B /* glad */ = {isa = PBXFileReference; lastKnownFileType = folder; name = glad; path = HelloCPP/glad; sourceTree = "<group>"; };
		EDA714C22920CBE20017417B /* OpenGL.framework */ = {isa = PBXFileReference; lastKnownFileType = wrapper.framework; name = OpenGL.framework; path = System/Library/Frameworks/OpenGL.framework; sourceTree = SDKROOT; };
		EDA714C42920CC8E0017417B /* libglfw.3.3.dylib */ = {isa = PBXFileReference; lastKnownFileType = "compiled.mach-o.dylib"; name = libglfw.3.3.dylib; path = ../../../../opt/homebrew/Cellar/glfw/3.3.8/lib/libglfw.3.3.dylib; sourceTree = "<group>"; };
		EDA714C82920CDAB0017417B /* include */ = {isa = PBXFileReference; lastKnownFileType = folder; name = include; path = HelloCPP/glad/include; sourceTree = "<group>"; };
		EDA714CA2920DF450017417B /* README.md */ = {isa = PBXFileReference; lastKnownFileType = net.daringfireball.markdown; path = README.md; sourceTree = "<group>"; };
		EDA714CB2920E8AC0017417B /* linmath */ = {isa = PBXFileReference; lastKnownFileType = folder; name = linmath; path = HelloCPP/linmath; sourceTree = "<group>"; };
		EDFA2723292034F600682633 /* GLUT.framework */ = {isa = PBXFileReference; lastKnownFileType = wrapper.framework; name = GLUT.framework; path = System/Library/Frameworks/GLUT.framework; sourceTree = SDKROOT; };
/* End PBXFileReference section */

/* Begin PBXFrameworksBuildPhase section */
		ED5EE35E291C3D66002E5036 /* Frameworks */ = {
			isa = PBXFrameworksBuildPhase;
			buildActionMask = 2147483647;
			files = (
				EDA714C52920CC8E0017417B /* libglfw.3.3.dylib in Frameworks */,
				EDA714C32920CBE20017417B /* OpenGL.framework in Frameworks */,
			);
			runOnlyForDeploymentPostprocessing = 0;
		};
/* End PBXFrameworksBuildPhase section */

/* Begin PBXGroup section */
		ED5EE358291C3D66002E5036 = {
			isa = PBXGroup;
			children = (
				EDA714CA2920DF450017417B /* README.md */,
				ED5EE363291C3D66002E5036 /* HelloCPP */,
				ED5EE362291C3D66002E5036 /* Products */,
				ED6592F5291C61B300216DD4 /* Frameworks */,
			);
			sourceTree = "<group>";
		};
		ED5EE362291C3D66002E5036 /* Products */ = {
			isa = PBXGroup;
			children = (
				ED5EE361291C3D66002E5036 /* HelloCPP */,
			);
			name = Products;
			sourceTree = "<group>";
		};
		ED5EE363291C3D66002E5036 /* HelloCPP */ = {
			isa = PBXGroup;
			children = (
				ED5EE364291C3D66002E5036 /* main.cpp */,
				ED8C81642920C3EB00F77C78 /* old.cpp */,
			);
			path = HelloCPP;
			sourceTree = "<group>";
		};
		ED6592F5291C61B300216DD4 /* Frameworks */ = {
			isa = PBXGroup;
			children = (
				EDA714CB2920E8AC0017417B /* linmath */,
				EDA714C82920CDAB0017417B /* include */,
				EDA714C42920CC8E0017417B /* libglfw.3.3.dylib */,
				EDA714C22920CBE20017417B /* OpenGL.framework */,
				EDA714C12920C8CB0017417B /* glad */,
				ED8C81672920C82400F77C78 /* include */,
				ED8C81662920C7F100F77C78 /* SDL2 */,
				EDFA2723292034F600682633 /* GLUT.framework */,
				ED9A3ACE291C62960083EDD2 /* SDL2 */,
				ED6592F6291C61B300216DD4 /* SDL2.framework */,
			);
			name = Frameworks;
			sourceTree = "<group>";
		};
/* End PBXGroup section */

/* Begin PBXNativeTarget section */
		ED5EE360291C3D66002E5036 /* HelloCPP */ = {
			isa = PBXNativeTarget;
			buildConfigurationList = ED5EE368291C3D66002E5036 /* Build configuration list for PBXNativeTarget "HelloCPP" */;
			buildPhases = (
				ED5EE35D291C3D66002E5036 /* Sources */,
				ED5EE35E291C3D66002E5036 /* Frameworks */,
				ED5EE35F291C3D66002E5036 /* CopyFiles */,
			);
			buildRules = (
			);
			dependencies = (
			);
			name = HelloCPP;
			productName = HelloCPP;
			productReference = ED5EE361291C3D66002E5036 /* HelloCPP */;
			productType = "com.apple.product-type.tool";
		};
/* End PBXNativeTarget section */

/* Begin PBXProject section */
		ED5EE359291C3D66002E5036 /* Project object */ = {
			isa = PBXProject;
			attributes = {
				BuildIndependentTargetsInParallel = 1;
				LastUpgradeCheck = 1410;
				TargetAttributes = {
					ED5EE360291C3D66002E5036 = {
						CreatedOnToolsVersion = 14.1;
					};
				};
			};
			buildConfigurationList = ED5EE35C291C3D66002E5036 /* Build configuration list for PBXProject "HelloCPP" */;
			compatibilityVersion = "Xcode 14.0";
			developmentRegion = en;
			hasScannedForEncodings = 0;
			knownRegions = (
				en,
				Base,
			);
			mainGroup = ED5EE358291C3D66002E5036;
			productRefGroup = ED5EE362291C3D66002E5036 /* Products */;
			projectDirPath = "";
			projectRoot = "";
			targets = (
				ED5EE360291C3D66002E5036 /* HelloCPP */,
			);
		};
/* End PBXProject section */

/* Begin PBXSourcesBuildPhase section */
		ED5EE35D291C3D66002E5036 /* Sources */ = {
			isa = PBXSourcesBuildPhase;
			buildActionMask = 2147483647;
			files = (
				ED5EE365291C3D66002E5036 /* main.cpp in Sources */,
			);
			runOnlyForDeploymentPostprocessing = 0;
		};
/* End PBXSourcesBuildPhase section */

/* Begin XCBuildConfiguration section */
		ED5EE366291C3D66002E5036 /* Debug */ = {
			isa = XCBuildConfiguration;
			buildSettings = {
				ALWAYS_SEARCH_USER_PATHS = NO;
				CLANG_ANALYZER_NONNULL = YES;
				CLANG_ANALYZER_NUMBER_OBJECT_CONVERSION = YES_AGGRESSIVE;
				CLANG_CXX_LANGUAGE_STANDARD = "gnu++20";
				CLANG_ENABLE_MODULES = YES;
				CLANG_ENABLE_OBJC_ARC = YES;
				CLANG_ENABLE_OBJC_WEAK = YES;
				CLANG_WARN_BLOCK_CAPTURE_AUTORELEASING = YES;
				CLANG_WARN_BOOL_CONVERSION = YES;
				CLANG_WARN_COMMA = YES;
				CLANG_WARN_CONSTANT_CONVERSION = YES;
				CLANG_WARN_DEPRECATED_OBJC_IMPLEMENTATIONS = YES;
				CLANG_WARN_DIRECT_OBJC_ISA_USAGE = YES_ERROR;
				CLANG_WARN_DOCUMENTATION_COMMENTS = YES;
				CLANG_WARN_EMPTY_BODY = YES;
				CLANG_WARN_ENUM_CONVERSION = YES;
				CLANG_WARN_INFINITE_RECURSION = YES;
				CLANG_WARN_INT_CONVERSION = YES;
				CLANG_WARN_NON_LITERAL_NULL_CONVERSION = YES;
				CLANG_WARN_OBJC_IMPLICIT_RETAIN_SELF = YES;
				CLANG_WARN_OBJC_LITERAL_CONVERSION = YES;
				CLANG_WARN_OBJC_ROOT_CLASS = YES_ERROR;
				CLANG_WARN_QUOTED_INCLUDE_IN_FRAMEWORK_HEADER = YES;
				CLANG_WARN_RANGE_LOOP_ANALYSIS = YES;
				CLANG_WARN_STRICT_PROTOTYPES = YES;
				CLANG_WARN_SUSPICIOUS_MOVE = YES;
				CLANG_WARN_UNGUARDED_AVAILABILITY = YES_AGGRESSIVE;
				CLANG_WARN_UNREACHABLE_CODE = YES;
				CLANG_WARN__DUPLICATE_METHOD_MATCH = YES;
				CODE_SIGNING_ALLOWED = NO;
				COPY_PHASE_STRIP = NO;
				DEBUG_INFORMATION_FORMAT = dwarf;
				ENABLE_STRICT_OBJC_MSGSEND = YES;
				ENABLE_TESTABILITY = YES;
				GCC_C_LANGUAGE_STANDARD = gnu11;
				GCC_DYNAMIC_NO_PIC = NO;
				GCC_NO_COMMON_BLOCKS = YES;
				GCC_OPTIMIZATION_LEVEL = 0;
				GCC_PREPROCESSOR_DEFINITIONS = (
					"DEBUG=1",
					"$(inherited)",
				);
				GCC_WARN_64_TO_32_BIT_CONVERSION = YES;
				GCC_WARN_ABOUT_RETURN_TYPE = YES_ERROR;
				GCC_WARN_UNDECLARED_SELECTOR = YES;
				GCC_WARN_UNINITIALIZED_AUTOS = YES_AGGRESSIVE;
				GCC_WARN_UNUSED_FUNCTION = YES;
				GCC_WARN_UNUSED_VARIABLE = YES;
				MACOSX_DEPLOYMENT_TARGET = 13.0;
				MTL_ENABLE_DEBUG_INFO = INCLUDE_SOURCE;
				MTL_FAST_MATH = YES;
				ONLY_ACTIVE_ARCH = YES;
				SDKROOT = macosx;
			};
			name = Debug;
		};
		ED5EE367291C3D66002E5036 /* Release */ = {
			isa = XCBuildConfiguration;
			buildSettings = {
				ALWAYS_SEARCH_USER_PATHS = NO;
				CLANG_ANALYZER_NONNULL = YES;
				CLANG_ANALYZER_NUMBER_OBJECT_CONVERSION = YES_AGGRESSIVE;
				CLANG_CXX_LANGUAGE_STANDARD = "gnu++20";
				CLANG_ENABLE_MODULES = YES;
				CLANG_ENABLE_OBJC_ARC = YES;
				CLANG_ENABLE_OBJC_WEAK = YES;
				CLANG_WARN_BLOCK_CAPTURE_AUTORELEASING = YES;
				CLANG_WARN_BOOL_CONVERSION = YES;
				CLANG_WARN_COMMA = YES;
				CLANG_WARN_CONSTANT_CONVERSION = YES;
				CLANG_WARN_DEPRECATED_OBJC_IMPLEMENTATIONS = YES;
				CLANG_WARN_DIRECT_OBJC_ISA_USAGE = YES_ERROR;
				CLANG_WARN_DOCUMENTATION_COMMENTS = YES;
				CLANG_WARN_EMPTY_BODY = YES;
				CLANG_WARN_ENUM_CONVERSION = YES;
				CLANG_WARN_INFINITE_RECURSION = YES;
				CLANG_WARN_INT_CONVERSION = YES;
				CLANG_WARN_NON_LITERAL_NULL_CONVERSION = YES;
				CLANG_WARN_OBJC_IMPLICIT_RETAIN_SELF = YES;
				CLANG_WARN_OBJC_LITERAL_CONVERSION = YES;
				CLANG_WARN_OBJC_ROOT_CLASS = YES_ERROR;
				CLANG_WARN_QUOTED_INCLUDE_IN_FRAMEWORK_HEADER = YES;
				CLANG_WARN_RANGE_LOOP_ANALYSIS = YES;
				CLANG_WARN_STRICT_PROTOTYPES = YES;
				CLANG_WARN_SUSPICIOUS_MOVE = YES;
				CLANG_WARN_UNGUARDED_AVAILABILITY = YES_AGGRESSIVE;
				CLANG_WARN_UNREACHABLE_CODE = YES;
				CLANG_WARN__DUPLICATE_METHOD_MATCH = YES;
				CODE_SIGNING_ALLOWED = NO;
				COPY_PHASE_STRIP = NO;
				DEBUG_INFORMATION_FORMAT = "dwarf-with-dsym";
				ENABLE_NS_ASSERTIONS = NO;
				ENABLE_STRICT_OBJC_MSGSEND = YES;
				GCC_C_LANGUAGE_STANDARD = gnu11;
				GCC_NO_COMMON_BLOCKS = YES;
				GCC_WARN_64_TO_32_BIT_CONVERSION = YES;
				GCC_WARN_ABOUT_RETURN_TYPE = YES_ERROR;
				GCC_WARN_UNDECLARED_SELECTOR = YES;
				GCC_WARN_UNINITIALIZED_AUTOS = YES_AGGRESSIVE;
				GCC_WARN_UNUSED_FUNCTION = YES;
				GCC_WARN_UNUSED_VARIABLE = YES;
				MACOSX_DEPLOYMENT_TARGET = 13.0;
				MTL_ENABLE_DEBUG_INFO = NO;
				MTL_FAST_MATH = YES;
				SDKROOT = macosx;
			};
			name = Release;
		};
		ED5EE369291C3D66002E5036 /* Debug */ = {
			isa = XCBuildConfiguration;
			buildSettings = {
				CODE_SIGN_IDENTITY = "";
				CODE_SIGN_STYLE = Manual;
				DEVELOPMENT_TEAM = "";
				FRAMEWORK_SEARCH_PATHS = (
					"$(inherited)",
					"$(LOCAL_LIBRARY_DIR)/Frameworks",
				);
				HEADER_SEARCH_PATHS = /opt/homebrew/Cellar/glfw/3.3.8/include;
				LIBRARY_SEARCH_PATHS = (
					"$(inherited)",
					/opt/homebrew/Cellar/glfw/3.3.8/lib,
				);
				PRODUCT_NAME = "$(TARGET_NAME)";
				PROVISIONING_PROFILE_SPECIFIER = "";
			};
			name = Debug;
		};
		ED5EE36A291C3D66002E5036 /* Release */ = {
			isa = XCBuildConfiguration;
			buildSettings = {
				CODE_SIGN_IDENTITY = "";
				CODE_SIGN_STYLE = Manual;
				DEVELOPMENT_TEAM = "";
				FRAMEWORK_SEARCH_PATHS = (
					"$(inherited)",
					"$(LOCAL_LIBRARY_DIR)/Frameworks",
				);
				HEADER_SEARCH_PATHS = /opt/homebrew/Cellar/glfw/3.3.8/include;
				LIBRARY_SEARCH_PATHS = (
					"$(inherited)",
					/opt/homebrew/Cellar/glfw/3.3.8/lib,
				);
				PRODUCT_NAME = "$(TARGET_NAME)";
				PROVISIONING_PROFILE_SPECIFIER = "";
			};
			name = Release;
		};
/* End XCBuildConfiguration section */

/* Begin XCConfigurationList section */
		ED5EE35C291C3D66002E5036 /* Build configuration list for PBXProject "HelloCPP" */ = {
			isa = XCConfigurationList;
			buildConfigurations = (
				ED5EE366291C3D66002E5036 /* Debug */,
				ED5EE367291C3D66002E5036 /* Release */,
			);
			defaultConfigurationIsVisible = 0;
			defaultConfigurationName = Release;
		};
		ED5EE368291C3D66002E5036 /* Build configuration list for PBXNativeTarget "HelloCPP" */ = {
			isa = XCConfigurationList;
			buildConfigurations = (
				ED5EE369291C3D66002E5036 /* Debug */,
				ED5EE36A291C3D66002E5036 /* Release */,
			);
			defaultConfigurationIsVisible = 0;
			defaultConfigurationName = Release;
		};
/* End XCConfigurationList section */
	};
	rootObject = ED5EE359291C3D66002E5036 /* Project object */;
}
